
Microsoft Visual Studio Solution File, Format Version 12.00
# Visual Studio Version 16
VisualStudioVersion = 25.0.1705.5
MinimumVisualStudioVersion = 10.0.40219.1
Project("{FAE04EC0-301F-11D3-BF4B-00C04F79EFBC}") = "BulkyWeb", "BulkyWeb\BulkyWeb.csproj", "{195B7C9B-7450-4CE0-9ECF-1C65F3FC60F2}"
EndProject
Global
	GlobalSection(SolutionConfigurationPlatforms) = preSolution
		Debug|Any CPU = Debug|Any CPU
		Release|Any CPU = Release|Any CPU
	EndGlobalSection
	GlobalSection(ProjectConfigurationPlatforms) = postSolution
		{195B7C9B-7450-4CE0-9ECF-1C65F3FC60F2}.Debug|Any CPU.ActiveCfg = Debug|Any CPU
		{195B7C9B-7450-4CE0-9ECF-1C65F3FC60F2}.Debug|Any CPU.Build.0 = Debug|Any CPU
		{195B7C9B-7450-4CE0-9ECF-1C65F3FC60F2}.Release|Any CPU.ActiveCfg = Release|Any CPU
		{195B7C9B-7450-4CE0-9ECF-1C65F3FC60F2}.Release|Any CPU.Build.0 = Release|Any CPU
	EndGlobalSection
	GlobalSection(SolutionProperties) = preSolution
		HideSolutionNode = FALSE
	EndGlobalSection
	GlobalSection(ExtensibilityGlobals) = postSolution
		SolutionGuid = {4FA8FA0F-78EB-4EB8-9FFA-CCAB00289BDF}
	EndGlobalSection
EndGlobal
